
Microsoft Visual Studio Solution File, Format Version 12.00
# Visual Studio Version 16
VisualStudioVersion = 16.0.31729.503
MinimumVisualStudioVersion = 10.0.40219.1
Project("{FAE04EC0-301F-11D3-BF4B-00C04F79EFBC}") = "XamarinTraining.UWP", "XamarinTraining\XamarinTraining.UWP\XamarinTraining.UWP.csproj", "{E1722B25-1FF0-4A73-B9B5-6E2C8F83407D}"
EndProject
Project("{FAE04EC0-301F-11D3-BF4B-00C04F79EFBC}") = "XamarinTraining.Android", "XamarinTraining\XamarinTraining.Android\XamarinTraining.Android.csproj", "{597B9F85-9162-423D-BC5C-9DF91EA59D26}"
EndProject
Project("{FAE04EC0-301F-11D3-BF4B-00C04F79EFBC}") = "XamarinTraining.iOS", "XamarinTraining\XamarinTraining.iOS\XamarinTraining.iOS.csproj", "{F396C065-AD5E-4D2E-AE31-6EB242E294F3}"
EndProject
Project("{FAE04EC0-301F-11D3-BF4B-00C04F79EFBC}") = "XamarinTraining", "XamarinTraining\XamarinTraining\XamarinTraining.csproj", "{3075522A-81B2-4122-909E-721C1E4AFB6B}"
EndProject
Global
	GlobalSection(SolutionConfigurationPlatforms) = preSolution
		Debug|Any CPU = Debug|Any CPU
		Debug|ARM = Debug|ARM
		Debug|iPhone = Debug|iPhone
		Debug|iPhoneSimulator = Debug|iPhoneSimulator
		Debug|x64 = Debug|x64
		Debug|x86 = Debug|x86
		Release|Any CPU = Release|Any CPU
		Release|ARM = Release|ARM
		Release|iPhone = Release|iPhone
		Release|iPhoneSimulator = Release|iPhoneSimulator
		Release|x64 = Release|x64
		Release|x86 = Release|x86
	EndGlobalSection
	GlobalSection(ProjectConfigurationPlatforms) = postSolution
		{E1722B25-1FF0-4A73-B9B5-6E2C8F83407D}.Debug|Any CPU.ActiveCfg = Debug|x86
		{E1722B25-1FF0-4A73-B9B5-6E2C8F83407D}.Debug|Any CPU.Build.0 = Debug|x86
		{E1722B25-1FF0-4A73-B9B5-6E2C8F83407D}.Debug|Any CPU.Deploy.0 = Debug|x86
		{E1722B25-1FF0-4A73-B9B5-6E2C8F83407D}.Debug|ARM.ActiveCfg = Debug|ARM
		{E1722B25-1FF0-4A73-B9B5-6E2C8F83407D}.Debug|ARM.Build.0 = Debug|ARM
		{E1722B25-1FF0-4A73-B9B5-6E2C8F83407D}.Debug|ARM.Deploy.0 = Debug|ARM
		{E1722B25-1FF0-4A73-B9B5-6E2C8F83407D}.Debug|iPhone.ActiveCfg = Debug|x86
		{E1722B25-1FF0-4A73-B9B5-6E2C8F83407D}.Debug|iPhone.Build.0 = Debug|x86
		{E1722B25-1FF0-4A73-B9B5-6E2C8F83407D}.Debug|iPhone.Deploy.0 = Debug|x86
		{E1722B25-1FF0-4A73-B9B5-6E2C8F83407D}.Debug|iPhoneSimulator.ActiveCfg = Debug|x86
		{E1722B25-1FF0-4A73-B9B5-6E2C8F83407D}.Debug|iPhoneSimulator.Build.0 = Debug|x86
		{E1722B25-1FF0-4A73-B9B5-6E2C8F83407D}.Debug|iPhoneSimulator.Deploy.0 = Debug|x86
		{E1722B25-1FF0-4A73-B9B5-6E2C8F83407D}.Debug|x64.ActiveCfg = Debug|x64
		{E1722B25-1FF0-4A73-B9B5-6E2C8F83407D}.Debug|x64.Build.0 = Debug|x64
		{E1722B25-1FF0-4A73-B9B5-6E2C8F83407D}.Debug|x64.Deploy.0 = Debug|x64
		{E1722B25-1FF0-4A73-B9B5-6E2C8F83407D}.Debug|x86.ActiveCfg = Debug|x86
		{E1722B25-1FF0-4A73-B9B5-6E2C8F83407D}.Debug|x86.Build.0 = Debug|x86
		{E1722B25-1FF0-4A73-B9B5-6E2C8F83407D}.Debug|x86.Deploy.0 = Debug|x86
		{E1722B25-1FF0-4A73-B9B5-6E2C8F83407D}.Release|Any CPU.ActiveCfg = Release|x86
		{E1722B25-1FF0-4A73-B9B5-6E2C8F83407D}.Release|Any CPU.Build.0 = Release|x86
		{E1722B25-1FF0-4A73-B9B5-6E2C8F83407D}.Release|Any CPU.Deploy.0 = Release|x86
		{E1722B25-1FF0-4A73-B9B5-6E2C8F83407D}.Release|ARM.ActiveCfg = Release|ARM
		{E1722B25-1FF0-4A73-B9B5-6E2C8F83407D}.Release|ARM.Build.0 = Release|ARM
		{E1722B25-1FF0-4A73-B9B5-6E2C8F83407D}.Release|ARM.Deploy.0 = Release|ARM
		{E1722B25-1FF0-4A73-B9B5-6E2C8F83407D}.Release|iPhone.ActiveCfg = Release|x86
		{E1722B25-1FF0-4A73-B9B5-6E2C8F83407D}.Release|iPhone.Build.0 = Release|x86
		{E1722B25-1FF0-4A73-B9B5-6E2C8F83407D}.Release|iPhone.Deploy.0 = Release|x86
		{E1722B25-1FF0-4A73-B9B5-6E2C8F83407D}.Release|iPhoneSimulator.ActiveCfg = Release|x86
		{E1722B25-1FF0-4A73-B9B5-6E2C8F83407D}.Release|iPhoneSimulator.Build.0 = Release|x86
		{E1722B25-1FF0-4A73-B9B5-6E2C8F83407D}.Release|iPhoneSimulator.Deploy.0 = Release|x86
		{E1722B25-1FF0-4A73-B9B5-6E2C8F83407D}.Release|x64.ActiveCfg = Release|x64
		{E1722B25-1FF0-4A73-B9B5-6E2C8F83407D}.Release|x64.Build.0 = Release|x64
		{E1722B25-1FF0-4A73-B9B5-6E2C8F83407D}.Release|x64.Deploy.0 = Release|x64
		{E1722B25-1FF0-4A73-B9B5-6E2C8F83407D}.Release|x86.ActiveCfg = Release|x86
		{E1722B25-1FF0-4A73-B9B5-6E2C8F83407D}.Release|x86.Build.0 = Release|x86
		{E1722B25-1FF0-4A73-B9B5-6E2C8F83407D}.Release|x86.Deploy.0 = Release|x86
		{597B9F85-9162-423D-BC5C-9DF91EA59D26}.Debug|Any CPU.ActiveCfg = Debug|Any CPU
		{597B9F85-9162-423D-BC5C-9DF91EA59D26}.Debug|Any CPU.Build.0 = Debug|Any CPU
		{597B9F85-9162-423D-BC5C-9DF91EA59D26}.Debug|Any CPU.Deploy.0 = Debug|Any CPU
		{597B9F85-9162-423D-BC5C-9DF91EA59D26}.Debug|ARM.ActiveCfg = Debug|Any CPU
		{597B9F85-9162-423D-BC5C-9DF91EA59D26}.Debug|ARM.Build.0 = Debug|Any CPU
		{597B9F85-9162-423D-BC5C-9DF91EA59D26}.Debug|ARM.Deploy.0 = Debug|Any CPU
		{597B9F85-9162-423D-BC5C-9DF91EA59D26}.Debug|iPhone.ActiveCfg = Debug|Any CPU
		{597B9F85-9162-423D-BC5C-9DF91EA59D26}.Debug|iPhone.Build.0 = Debug|Any CPU
		{597B9F85-9162-423D-BC5C-9DF91EA59D26}.Debug|iPhone.Deploy.0 = Debug|Any CPU
		{597B9F85-9162-423D-BC5C-9DF91EA59D26}.Debug|iPhoneSimulator.ActiveCfg = Debug|Any CPU
		{597B9F85-9162-423D-BC5C-9DF91EA59D26}.Debug|iPhoneSimulator.Build.0 = Debug|Any CPU
		{597B9F85-9162-423D-BC5C-9DF91EA59D26}.Debug|iPhoneSimulator.Deploy.0 = Debug|Any CPU
		{597B9F85-9162-423D-BC5C-9DF91EA59D26}.Debug|x64.ActiveCfg = Debug|Any CPU
		{597B9F85-9162-423D-BC5C-9DF91EA59D26}.Debug|x64.Build.0 = Debug|Any CPU
		{597B9F85-9162-423D-BC5C-9DF91EA59D26}.Debug|x64.Deploy.0 = Debug|Any CPU
		{597B9F85-9162-423D-BC5C-9DF91EA59D26}.Debug|x86.ActiveCfg = Debug|Any CPU
		{597B9F85-9162-423D-BC5C-9DF91EA59D26}.Debug|x86.Build.0 = Debug|Any CPU
		{597B9F85-9162-423D-BC5C-9DF91EA59D26}.Debug|x86.Deploy.0 = Debug|Any CPU
		{597B9F85-9162-423D-BC5C-9DF91EA59D26}.Release|Any CPU.ActiveCfg = Release|Any CPU
		{597B9F85-9162-423D-BC5C-9DF91EA59D26}.Release|Any CPU.Build.0 = Release|Any CPU
		{597B9F85-9162-423D-BC5C-9DF91EA59D26}.Release|Any CPU.Deploy.0 = Release|Any CPU
		{597B9F85-9162-423D-BC5C-9DF91EA59D26}.Release|ARM.ActiveCfg = Release|Any CPU
		{597B9F85-9162-423D-BC5C-9DF91EA59D26}.Release|ARM.Build.0 = Release|Any CPU
		{597B9F85-9162-423D-BC5C-9DF91EA59D26}.Release|ARM.Deploy.0 = Release|Any CPU
		{597B9F85-9162-423D-BC5C-9DF91EA59D26}.Release|iPhone.ActiveCfg = Release|Any CPU
		{597B9F85-9162-423D-BC5C-9DF91EA59D26}.Release|iPhone.Build.0 = Release|Any CPU
		{597B9F85-9162-423D-BC5C-9DF91EA59D26}.Release|iPhone.Deploy.0 = Release|Any CPU
		{597B9F85-9162-423D-BC5C-9DF91EA59D26}.Release|iPhoneSimulator.ActiveCfg = Release|Any CPU
		{597B9F85-9162-423D-BC5C-9DF91EA59D26}.Release|iPhoneSimulator.Build.0 = Release|Any CPU
		{597B9F85-9162-423D-BC5C-9DF91EA59D26}.Release|iPhoneSimulator.Deploy.0 = Release|Any CPU
		{597B9F85-9162-423D-BC5C-9DF91EA59D26}.Release|x64.ActiveCfg = Release|Any CPU
		{597B9F85-9162-423D-BC5C-9DF91EA59D26}.Release|x64.Build.0 = Release|Any CPU
		{597B9F85-9162-423D-BC5C-9DF91EA59D26}.Release|x64.Deploy.0 = Release|Any CPU
		{597B9F85-9162-423D-BC5C-9DF91EA59D26}.Release|x86.ActiveCfg = Release|Any CPU
		{597B9F85-9162-423D-BC5C-9DF91EA59D26}.Release|x86.Build.0 = Release|Any CPU
		{597B9F85-9162-423D-BC5C-9DF91EA59D26}.Release|x86.Deploy.0 = Release|Any CPU
		{F396C065-AD5E-4D2E-AE31-6EB242E294F3}.Debug|Any CPU.ActiveCfg = Debug|iPhoneSimulator
		{F396C065-AD5E-4D2E-AE31-6EB242E294F3}.Debug|Any CPU.Build.0 = Debug|iPhoneSimulator
		{F396C065-AD5E-4D2E-AE31-6EB242E294F3}.Debug|Any CPU.Deploy.0 = Debug|iPhoneSimulator
		{F396C065-AD5E-4D2E-AE31-6EB242E294F3}.Debug|ARM.ActiveCfg = Debug|iPhone
		{F396C065-AD5E-4D2E-AE31-6EB242E294F3}.Debug|ARM.Build.0 = Debug|iPhone
		{F396C065-AD5E-4D2E-AE31-6EB242E294F3}.Debug|ARM.Deploy.0 = Debug|iPhone
		{F396C065-AD5E-4D2E-AE31-6EB242E294F3}.Debug|iPhone.ActiveCfg = Debug|iPhone
		{F396C065-AD5E-4D2E-AE31-6EB242E294F3}.Debug|iPhone.Build.0 = Debug|iPhone
		{F396C065-AD5E-4D2E-AE31-6EB242E294F3}.Debug|iPhone.Deploy.0 = Debug|iPhone
		{F396C065-AD5E-4D2E-AE31-6EB242E294F3}.Debug|iPhoneSimulator.ActiveCfg = Debug|iPhoneSimulator
		{F396C065-AD5E-4D2E-AE31-6EB242E294F3}.Debug|iPhoneSimulator.Build.0 = Debug|iPhoneSimulator
		{F396C065-AD5E-4D2E-AE31-6EB242E294F3}.Debug|iPhoneSimulator.Deploy.0 = Debug|iPhoneSimulator
		{F396C065-AD5E-4D2E-AE31-6EB242E294F3}.Debug|x64.ActiveCfg = Debug|iPhoneSimulator
		{F396C065-AD5E-4D2E-AE31-6EB242E294F3}.Debug|x64.Build.0 = Debug|iPhoneSimulator
		{F396C065-AD5E-4D2E-AE31-6EB242E294F3}.Debug|x64.Deploy.0 = Debug|iPhoneSimulator
		{F396C065-AD5E-4D2E-AE31-6EB242E294F3}.Debug|x86.ActiveCfg = Debug|iPhoneSimulator
		{F396C065-AD5E-4D2E-AE31-6EB242E294F3}.Debug|x86.Build.0 = Debug|iPhoneSimulator
		{F396C065-AD5E-4D2E-AE31-6EB242E294F3}.Debug|x86.Deploy.0 = Debug|iPhoneSimulator
		{F396C065-AD5E-4D2E-AE31-6EB242E294F3}.Release|Any CPU.ActiveCfg = Release|iPhoneSimulator
		{F396C065-AD5E-4D2E-AE31-6EB242E294F3}.Release|Any CPU.Build.0 = Release|iPhoneSimulator
		{F396C065-AD5E-4D2E-AE31-6EB242E294F3}.Release|Any CPU.Deploy.0 = Release|iPhoneSimulator
		{F396C065-AD5E-4D2E-AE31-6EB242E294F3}.Release|ARM.ActiveCfg = Release|iPhoneSimulator
		{F396C065-AD5E-4D2E-AE31-6EB242E294F3}.Release|ARM.Build.0 = Release|iPhoneSimulator
		{F396C065-AD5E-4D2E-AE31-6EB242E294F3}.Release|ARM.Deploy.0 = Release|iPhoneSimulator
		{F396C065-AD5E-4D2E-AE31-6EB242E294F3}.Release|iPhone.ActiveCfg = Release|iPhone
		{F396C065-AD5E-4D2E-AE31-6EB242E294F3}.Release|iPhone.Build.0 = Release|iPhone
		{F396C065-AD5E-4D2E-AE31-6EB242E294F3}.Release|iPhone.Deploy.0 = Release|iPhone
		{F396C065-AD5E-4D2E-AE31-6EB242E294F3}.Release|iPhoneSimulator.ActiveCfg = Release|iPhoneSimulator
		{F396C065-AD5E-4D2E-AE31-6EB242E294F3}.Release|iPhoneSimulator.Build.0 = Release|iPhoneSimulator
		{F396C065-AD5E-4D2E-AE31-6EB242E294F3}.Release|iPhoneSimulator.Deploy.0 = Release|iPhoneSimulator
		{F396C065-AD5E-4D2E-AE31-6EB242E294F3}.Release|x64.ActiveCfg = Release|iPhoneSimulator
		{F396C065-AD5E-4D2E-AE31-6EB242E294F3}.Release|x64.Build.0 = Release|iPhoneSimulator
		{F396C065-AD5E-4D2E-AE31-6EB242E294F3}.Release|x64.Deploy.0 = Release|iPhoneSimulator
		{F396C065-AD5E-4D2E-AE31-6EB242E294F3}.Release|x86.ActiveCfg = Release|iPhoneSimulator
		{F396C065-AD5E-4D2E-AE31-6EB242E294F3}.Release|x86.Build.0 = Release|iPhoneSimulator
		{F396C065-AD5E-4D2E-AE31-6EB242E294F3}.Release|x86.Deploy.0 = Release|iPhoneSimulator
		{3075522A-81B2-4122-909E-721C1E4AFB6B}.Debug|Any CPU.ActiveCfg = Debug|Any CPU
		{3075522A-81B2-4122-909E-721C1E4AFB6B}.Debug|Any CPU.Build.0 = Debug|Any CPU
		{3075522A-81B2-4122-909E-721C1E4AFB6B}.Debug|Any CPU.Deploy.0 = Debug|Any CPU
		{3075522A-81B2-4122-909E-721C1E4AFB6B}.Debug|ARM.ActiveCfg = Debug|Any CPU
		{3075522A-81B2-4122-909E-721C1E4AFB6B}.Debug|ARM.Build.0 = Debug|Any CPU
		{3075522A-81B2-4122-909E-721C1E4AFB6B}.Debug|ARM.Deploy.0 = Debug|Any CPU
		{3075522A-81B2-4122-909E-721C1E4AFB6B}.Debug|iPhone.ActiveCfg = Debug|Any CPU
		{3075522A-81B2-4122-909E-721C1E4AFB6B}.Debug|iPhone.Build.0 = Debug|Any CPU
		{3075522A-81B2-4122-909E-721C1E4AFB6B}.Debug|iPhone.Deploy.0 = Debug|Any CPU
		{3075522A-81B2-4122-909E-721C1E4AFB6B}.Debug|iPhoneSimulator.ActiveCfg = Debug|Any CPU
		{3075522A-81B2-4122-909E-721C1E4AFB6B}.Debug|iPhoneSimulator.Build.0 = Debug|Any CPU
		{3075522A-81B2-4122-909E-721C1E4AFB6B}.Debug|iPhoneSimulator.Deploy.0 = Debug|Any CPU
		{3075522A-81B2-4122-909E-721C1E4AFB6B}.Debug|x64.ActiveCfg = Debug|Any CPU
		{3075522A-81B2-4122-909E-721C1E4AFB6B}.Debug|x64.Build.0 = Debug|Any CPU
		{3075522A-81B2-4122-909E-721C1E4AFB6B}.Debug|x64.Deploy.0 = Debug|Any CPU
		{3075522A-81B2-4122-909E-721C1E4AFB6B}.Debug|x86.ActiveCfg = Debug|Any CPU
		{3075522A-81B2-4122-909E-721C1E4AFB6B}.Debug|x86.Build.0 = Debug|Any CPU
		{3075522A-81B2-4122-909E-721C1E4AFB6B}.Debug|x86.Deploy.0 = Debug|Any CPU
		{3075522A-81B2-4122-909E-721C1E4AFB6B}.Release|Any CPU.ActiveCfg = Release|Any CPU
		{3075522A-81B2-4122-909E-721C1E4AFB6B}.Release|Any CPU.Build.0 = Release|Any CPU
		{3075522A-81B2-4122-909E-721C1E4AFB6B}.Release|Any CPU.Deploy.0 = Release|Any CPU
		{3075522A-81B2-4122-909E-721C1E4AFB6B}.Release|ARM.ActiveCfg = Release|Any CPU
		{3075522A-81B2-4122-909E-721C1E4AFB6B}.Release|ARM.Build.0 = Release|Any CPU
		{3075522A-81B2-4122-909E-721C1E4AFB6B}.Release|ARM.Deploy.0 = Release|Any CPU
		{3075522A-81B2-4122-909E-721C1E4AFB6B}.Release|iPhone.ActiveCfg = Release|Any CPU
		{3075522A-81B2-4122-909E-721C1E4AFB6B}.Release|iPhone.Build.0 = Release|Any CPU
		{3075522A-81B2-4122-909E-721C1E4AFB6B}.Release|iPhone.Deploy.0 = Release|Any CPU
		{3075522A-81B2-4122-909E-721C1E4AFB6B}.Release|iPhoneSimulator.ActiveCfg = Release|Any CPU
		{3075522A-81B2-4122-909E-721C1E4AFB6B}.Release|iPhoneSimulator.Build.0 = Release|Any CPU
		{3075522A-81B2-4122-909E-721C1E4AFB6B}.Release|iPhoneSimulator.Deploy.0 = Release|Any CPU
		{3075522A-81B2-4122-909E-721C1E4AFB6B}.Release|x64.ActiveCfg = Release|Any CPU
		{3075522A-81B2-4122-909E-721C1E4AFB6B}.Release|x64.Build.0 = Release|Any CPU
		{3075522A-81B2-4122-909E-721C1E4AFB6B}.Release|x64.Deploy.0 = Release|Any CPU
		{3075522A-81B2-4122-909E-721C1E4AFB6B}.Release|x86.ActiveCfg = Release|Any CPU
		{3075522A-81B2-4122-909E-721C1E4AFB6B}.Release|x86.Build.0 = Release|Any CPU
		{3075522A-81B2-4122-909E-721C1E4AFB6B}.Release|x86.Deploy.0 = Release|Any CPU
	EndGlobalSection
	GlobalSection(SolutionProperties) = preSolution
		HideSolutionNode = FALSE
	EndGlobalSection
	GlobalSection(ExtensibilityGlobals) = postSolution
		SolutionGuid = {698BE574-1689-482B-8D2C-2BB230F8657C}
	EndGlobalSection
EndGlobal
